
Microsoft Visual Studio Solution File, Format Version 12.00
# Visual Studio Version 16
VisualStudioVersion = 16.0.810.7
MinimumVisualStudioVersion = 10.0.40219.1
Project("{FAE04EC0-301F-11D3-BF4B-00C04F79EFBC}") = "NeutroLab.Extensions", "NeutroLab.Extensions\NeutroLab.Extensions.csproj", "{C07BFEBD-8697-4567-A609-47344834C714}"
EndProject
Project("{FAE04EC0-301F-11D3-BF4B-00C04F79EFBC}") = "NeutroLab.WebApi", "NeutroLab.WebApi\NeutroLab.WebApi.csproj", "{068A3120-2D2D-4E3E-9875-142F9AE45B16}"
EndProject
Project("{FAE04EC0-301F-11D3-BF4B-00C04F79EFBC}") = "NeutroLab.BusinessLogic", "NeutroLab.BusinessLogic\NeutroLab.BusinessLogic.csproj", "{A1DE0ED2-9CB3-4284-BD0A-E8C66A79B72C}"
EndProject
Global
	GlobalSection(SolutionConfigurationPlatforms) = preSolution
		Debug|Any CPU = Debug|Any CPU
		Release|Any CPU = Release|Any CPU
	EndGlobalSection
	GlobalSection(ProjectConfigurationPlatforms) = postSolution
		{C07BFEBD-8697-4567-A609-47344834C714}.Debug|Any CPU.ActiveCfg = Debug|Any CPU
		{C07BFEBD-8697-4567-A609-47344834C714}.Debug|Any CPU.Build.0 = Debug|Any CPU
		{C07BFEBD-8697-4567-A609-47344834C714}.Release|Any CPU.ActiveCfg = Release|Any CPU
		{C07BFEBD-8697-4567-A609-47344834C714}.Release|Any CPU.Build.0 = Release|Any CPU
		{068A3120-2D2D-4E3E-9875-142F9AE45B16}.Debug|Any CPU.ActiveCfg = Debug|Any CPU
		{068A3120-2D2D-4E3E-9875-142F9AE45B16}.Debug|Any CPU.Build.0 = Debug|Any CPU
		{068A3120-2D2D-4E3E-9875-142F9AE45B16}.Release|Any CPU.ActiveCfg = Release|Any CPU
		{068A3120-2D2D-4E3E-9875-142F9AE45B16}.Release|Any CPU.Build.0 = Release|Any CPU
		{A1DE0ED2-9CB3-4284-BD0A-E8C66A79B72C}.Debug|Any CPU.ActiveCfg = Debug|Any CPU
		{A1DE0ED2-9CB3-4284-BD0A-E8C66A79B72C}.Debug|Any CPU.Build.0 = Debug|Any CPU
		{A1DE0ED2-9CB3-4284-BD0A-E8C66A79B72C}.Release|Any CPU.ActiveCfg = Release|Any CPU
		{A1DE0ED2-9CB3-4284-BD0A-E8C66A79B72C}.Release|Any CPU.Build.0 = Release|Any CPU
	EndGlobalSection
	GlobalSection(SolutionProperties) = preSolution
		HideSolutionNode = FALSE
	EndGlobalSection
	GlobalSection(ExtensibilityGlobals) = postSolution
		SolutionGuid = {D9F4B7BB-5950-467D-BAE3-86DAF7629BB6}
	EndGlobalSection
EndGlobal
